
Microsoft Visual Studio Solution File, Format Version 11.00
# Visual Studio 2010
Project("{FAE04EC0-301F-11D3-BF4B-00C04F79EFBC}") = "Assembly-CSharp", "Assembly-CSharp.csproj", "{B589F61B-01D6-A3A4-9889-26951B3AD88C}"
EndProject
Global
	GlobalSection(SolutionConfigurationPlatforms) = preSolution
		Debug|Any CPU = Debug|Any CPU
		Release|Any CPU = Release|Any CPU
	EndGlobalSection
	GlobalSection(ProjectConfigurationPlatforms) = postSolution
		{B589F61B-01D6-A3A4-9889-26951B3AD88C}.Debug|Any CPU.ActiveCfg = Debug|Any CPU
		{B589F61B-01D6-A3A4-9889-26951B3AD88C}.Debug|Any CPU.Build.0 = Debug|Any CPU
		{B589F61B-01D6-A3A4-9889-26951B3AD88C}.Release|Any CPU.ActiveCfg = Release|Any CPU
		{B589F61B-01D6-A3A4-9889-26951B3AD88C}.Release|Any CPU.Build.0 = Release|Any CPU
	EndGlobalSection
	GlobalSection(SolutionProperties) = preSolution
		HideSolutionNode = FALSE
	EndGlobalSection
EndGlobal
